
Microsoft Visual Studio Solution File, Format Version 12.00
# Visual Studio Version 16
VisualStudioVersion = 16.0.810.4
MinimumVisualStudioVersion = 10.0.40219.1
Project("{FAE04EC0-301F-11D3-BF4B-00C04F79EFBC}") = "Test.Android", "Test.Android\Test.Android.csproj", "{ED0BFE0B-D4B5-43C0-B17A-C5CAE2FA00FB}"
EndProject
Project("{FAE04EC0-301F-11D3-BF4B-00C04F79EFBC}") = "Test.iOS", "Test.iOS\Test.iOS.csproj", "{E39B6E1E-36E4-4249-BBE9-A199B838EEE4}"
EndProject
Project("{FAE04EC0-301F-11D3-BF4B-00C04F79EFBC}") = "Test", "Test\Test.csproj", "{3E9E20BF-E493-456B-BED9-2B8121850B1A}"
EndProject
Global
	GlobalSection(SolutionConfigurationPlatforms) = preSolution
		Debug|Any CPU = Debug|Any CPU
		Release|Any CPU = Release|Any CPU
		Debug|iPhoneSimulator = Debug|iPhoneSimulator
		Release|iPhoneSimulator = Release|iPhoneSimulator
		Debug|iPhone = Debug|iPhone
		Release|iPhone = Release|iPhone
	EndGlobalSection
	GlobalSection(ProjectConfigurationPlatforms) = postSolution
		{ED0BFE0B-D4B5-43C0-B17A-C5CAE2FA00FB}.Debug|Any CPU.ActiveCfg = Debug|Any CPU
		{ED0BFE0B-D4B5-43C0-B17A-C5CAE2FA00FB}.Debug|Any CPU.Build.0 = Debug|Any CPU
		{ED0BFE0B-D4B5-43C0-B17A-C5CAE2FA00FB}.Release|Any CPU.ActiveCfg = Release|Any CPU
		{ED0BFE0B-D4B5-43C0-B17A-C5CAE2FA00FB}.Release|Any CPU.Build.0 = Release|Any CPU
		{ED0BFE0B-D4B5-43C0-B17A-C5CAE2FA00FB}.Debug|iPhoneSimulator.ActiveCfg = Debug|Any CPU
		{ED0BFE0B-D4B5-43C0-B17A-C5CAE2FA00FB}.Debug|iPhoneSimulator.Build.0 = Debug|Any CPU
		{ED0BFE0B-D4B5-43C0-B17A-C5CAE2FA00FB}.Release|iPhoneSimulator.ActiveCfg = Release|Any CPU
		{ED0BFE0B-D4B5-43C0-B17A-C5CAE2FA00FB}.Release|iPhoneSimulator.Build.0 = Release|Any CPU
		{ED0BFE0B-D4B5-43C0-B17A-C5CAE2FA00FB}.Debug|iPhone.ActiveCfg = Debug|Any CPU
		{ED0BFE0B-D4B5-43C0-B17A-C5CAE2FA00FB}.Debug|iPhone.Build.0 = Debug|Any CPU
		{ED0BFE0B-D4B5-43C0-B17A-C5CAE2FA00FB}.Release|iPhone.ActiveCfg = Release|Any CPU
		{ED0BFE0B-D4B5-43C0-B17A-C5CAE2FA00FB}.Release|iPhone.Build.0 = Release|Any CPU
		{E39B6E1E-36E4-4249-BBE9-A199B838EEE4}.Debug|Any CPU.ActiveCfg = Debug|iPhoneSimulator
		{E39B6E1E-36E4-4249-BBE9-A199B838EEE4}.Debug|Any CPU.Build.0 = Debug|iPhoneSimulator
		{E39B6E1E-36E4-4249-BBE9-A199B838EEE4}.Release|Any CPU.ActiveCfg = Release|iPhoneSimulator
		{E39B6E1E-36E4-4249-BBE9-A199B838EEE4}.Release|Any CPU.Build.0 = Release|iPhoneSimulator
		{E39B6E1E-36E4-4249-BBE9-A199B838EEE4}.Debug|iPhoneSimulator.ActiveCfg = Debug|iPhoneSimulator
		{E39B6E1E-36E4-4249-BBE9-A199B838EEE4}.Debug|iPhoneSimulator.Build.0 = Debug|iPhoneSimulator
		{E39B6E1E-36E4-4249-BBE9-A199B838EEE4}.Release|iPhoneSimulator.ActiveCfg = Release|iPhoneSimulator
		{E39B6E1E-36E4-4249-BBE9-A199B838EEE4}.Release|iPhoneSimulator.Build.0 = Release|iPhoneSimulator
		{E39B6E1E-36E4-4249-BBE9-A199B838EEE4}.Debug|iPhone.ActiveCfg = Debug|iPhone
		{E39B6E1E-36E4-4249-BBE9-A199B838EEE4}.Debug|iPhone.Build.0 = Debug|iPhone
		{E39B6E1E-36E4-4249-BBE9-A199B838EEE4}.Release|iPhone.ActiveCfg = Release|iPhone
		{E39B6E1E-36E4-4249-BBE9-A199B838EEE4}.Release|iPhone.Build.0 = Release|iPhone
		{3E9E20BF-E493-456B-BED9-2B8121850B1A}.Debug|Any CPU.ActiveCfg = Debug|Any CPU
		{3E9E20BF-E493-456B-BED9-2B8121850B1A}.Debug|Any CPU.Build.0 = Debug|Any CPU
		{3E9E20BF-E493-456B-BED9-2B8121850B1A}.Release|Any CPU.ActiveCfg = Release|Any CPU
		{3E9E20BF-E493-456B-BED9-2B8121850B1A}.Release|Any CPU.Build.0 = Release|Any CPU
		{3E9E20BF-E493-456B-BED9-2B8121850B1A}.Debug|iPhoneSimulator.ActiveCfg = Debug|Any CPU
		{3E9E20BF-E493-456B-BED9-2B8121850B1A}.Debug|iPhoneSimulator.Build.0 = Debug|Any CPU
		{3E9E20BF-E493-456B-BED9-2B8121850B1A}.Release|iPhoneSimulator.ActiveCfg = Release|Any CPU
		{3E9E20BF-E493-456B-BED9-2B8121850B1A}.Release|iPhoneSimulator.Build.0 = Release|Any CPU
		{3E9E20BF-E493-456B-BED9-2B8121850B1A}.Debug|iPhone.ActiveCfg = Debug|Any CPU
		{3E9E20BF-E493-456B-BED9-2B8121850B1A}.Debug|iPhone.Build.0 = Debug|Any CPU
		{3E9E20BF-E493-456B-BED9-2B8121850B1A}.Release|iPhone.ActiveCfg = Release|Any CPU
		{3E9E20BF-E493-456B-BED9-2B8121850B1A}.Release|iPhone.Build.0 = Release|Any CPU
	EndGlobalSection
	GlobalSection(SolutionProperties) = preSolution
		HideSolutionNode = FALSE
	EndGlobalSection
	GlobalSection(ExtensibilityGlobals) = postSolution
		SolutionGuid = {6FCB1193-C186-40D3-A869-AF2A84F57ACE}
	EndGlobalSection
EndGlobal
